// !$*UTF8*$!
{
	archiveVersion = 1;
	classes = {
	};
	objectVersion = 46;
	objects = {

/* Begin PBXBuildFile section */
		45E68C4D16842AC700DAE96E /* EEXMLNode.m in Sources */ = {isa = PBXBuildFile; fileRef = 45E68C3F16842AC700DAE96E /* EEXMLNode.m */; };
		45E68C4E16842AC700DAE96E /* EEXMLNode.m in Sources */ = {isa = PBXBuildFile; fileRef = 45E68C3F16842AC700DAE96E /* EEXMLNode.m */; };
		45E68C5016842AC700DAE96E /* EEXMLObjectTreeConverter.m in Sources */ = {isa = PBXBuildFile; fileRef = 45E68C4116842AC700DAE96E /* EEXMLObjectTreeConverter.m */; };
		45E68C5116842AC700DAE96E /* EEXMLObjectTreeConverter.m in Sources */ = {isa = PBXBuildFile; fileRef = 45E68C4116842AC700DAE96E /* EEXMLObjectTreeConverter.m */; };
		45E68C5316842AC700DAE96E /* EEXMLObjectTreeSchema.m in Sources */ = {isa = PBXBuildFile; fileRef = 45E68C4316842AC700DAE96E /* EEXMLObjectTreeSchema.m */; };
		45E68C5416842AC700DAE96E /* EEXMLObjectTreeSchema.m in Sources */ = {isa = PBXBuildFile; fileRef = 45E68C4316842AC700DAE96E /* EEXMLObjectTreeSchema.m */; };
		45E68C5616842AC700DAE96E /* EEXMLReader.m in Sources */ = {isa = PBXBuildFile; fileRef = 45E68C4516842AC700DAE96E /* EEXMLReader.m */; };
		45E68C5716842AC700DAE96E /* EEXMLReader.m in Sources */ = {isa = PBXBuildFile; fileRef = 45E68C4516842AC700DAE96E /* EEXMLReader.m */; };
		45E68C5916842AC700DAE96E /* EEXMLReaderObjectStack.m in Sources */ = {isa = PBXBuildFile; fileRef = 45E68C4716842AC700DAE96E /* EEXMLReaderObjectStack.m */; };
		45E68C5A16842AC700DAE96E /* EEXMLReaderObjectStack.m in Sources */ = {isa = PBXBuildFile; fileRef = 45E68C4716842AC700DAE96E /* EEXMLReaderObjectStack.m */; };
		45E68C5C16842AC700DAE96E /* EEXMLSerialization.m in Sources */ = {isa = PBXBuildFile; fileRef = 45E68C4916842AC700DAE96E /* EEXMLSerialization.m */; };
		45E68C5D16842AC700DAE96E /* EEXMLSerialization.m in Sources */ = {isa = PBXBuildFile; fileRef = 45E68C4916842AC700DAE96E /* EEXMLSerialization.m */; };
		45E68C5F16842AC700DAE96E /* EEXMLUtility.m in Sources */ = {isa = PBXBuildFile; fileRef = 45E68C4B16842AC700DAE96E /* EEXMLUtility.m */; };
		45E68C6016842AC700DAE96E /* EEXMLUtility.m in Sources */ = {isa = PBXBuildFile; fileRef = 45E68C4B16842AC700DAE96E /* EEXMLUtility.m */; };
/* End PBXBuildFile section */

/* Begin PBXFileReference section */
		450A2B6819C0B660009D55B5 /* Info.plist */ = {isa = PBXFileReference; lastKnownFileType = text.plist.xml; path = Info.plist; sourceTree = "<group>"; };
		450A2B6919C0B660009D55B5 /* XML - iOS - Static Framework.h */ = {isa = PBXFileReference; lastKnownFileType = sourcecode.c.h; path = "XML - iOS - Static Framework.h"; sourceTree = "<group>"; };
		45934D2D1684340D009C3D30 /* EonilXML.h */ = {isa = PBXFileReference; lastKnownFileType = sourcecode.c.h; path = EonilXML.h; sourceTree = "<group>"; };
		45E68C1A16842A0700DAE96E /* libEonilXML.a */ = {isa = PBXFileReference; explicitFileType = archive.ar; includeInIndex = 0; path = libEonilXML.a; sourceTree = BUILT_PRODUCTS_DIR; };
		45E68C1D16842A0700DAE96E /* Foundation.framework */ = {isa = PBXFileReference; lastKnownFileType = wrapper.framework; name = Foundation.framework; path = System/Library/Frameworks/Foundation.framework; sourceTree = SDKROOT; };
		45E68C2116842A0700DAE96E /* iOS Static Library-Prefix.pch */ = {isa = PBXFileReference; lastKnownFileType = sourcecode.c.h; path = "iOS Static Library-Prefix.pch"; sourceTree = "<group>"; };
		45E68C2D16842A1400DAE96E /* libEonilXML.a */ = {isa = PBXFileReference; explicitFileType = archive.ar; includeInIndex = 0; path = libEonilXML.a; sourceTree = BUILT_PRODUCTS_DIR; };
		45E68C2E16842A1400DAE96E /* Cocoa.framework */ = {isa = PBXFileReference; lastKnownFileType = wrapper.framework; name = Cocoa.framework; path = System/Library/Frameworks/Cocoa.framework; sourceTree = SDKROOT; };
		45E68C3116842A1400DAE96E /* AppKit.framework */ = {isa = PBXFileReference; lastKnownFileType = wrapper.framework; name = AppKit.framework; path = System/Library/Frameworks/AppKit.framework; sourceTree = SDKROOT; };
		45E68C3216842A1400DAE96E /* CoreData.framework */ = {isa = PBXFileReference; lastKnownFileType = wrapper.framework; name = CoreData.framework; path = System/Library/Frameworks/CoreData.framework; sourceTree = SDKROOT; };
		45E68C3316842A1400DAE96E /* Foundation.framework */ = {isa = PBXFileReference; lastKnownFileType = wrapper.framework; name = Foundation.framework; path = System/Library/Frameworks/Foundation.framework; sourceTree = SDKROOT; };
		45E68C3616842A1400DAE96E /* OS X Static Library-Prefix.pch */ = {isa = PBXFileReference; lastKnownFileType = sourcecode.c.h; path = "OS X Static Library-Prefix.pch"; sourceTree = "<group>"; };
		45E68C3E16842AC700DAE96E /* EEXMLNode.h */ = {isa = PBXFileReference; fileEncoding = 4; lastKnownFileType = sourcecode.c.h; path = EEXMLNode.h; sourceTree = "<group>"; };
		45E68C3F16842AC700DAE96E /* EEXMLNode.m */ = {isa = PBXFileReference; fileEncoding = 4; lastKnownFileType = sourcecode.c.objc; path = EEXMLNode.m; sourceTree = "<group>"; };
		45E68C4016842AC700DAE96E /* EEXMLObjectTreeConverter.h */ = {isa = PBXFileReference; fileEncoding = 4; lastKnownFileType = sourcecode.c.h; path = EEXMLObjectTreeConverter.h; sourceTree = "<group>"; };
		45E68C4116842AC700DAE96E /* EEXMLObjectTreeConverter.m */ = {isa = PBXFileReference; fileEncoding = 4; lastKnownFileType = sourcecode.c.objc; path = EEXMLObjectTreeConverter.m; sourceTree = "<group>"; };
		45E68C4216842AC700DAE96E /* EEXMLObjectTreeSchema.h */ = {isa = PBXFileReference; fileEncoding = 4; lastKnownFileType = sourcecode.c.h; path = EEXMLObjectTreeSchema.h; sourceTree = "<group>"; };
		45E68C4316842AC700DAE96E /* EEXMLObjectTreeSchema.m */ = {isa = PBXFileReference; fileEncoding = 4; lastKnownFileType = sourcecode.c.objc; path = EEXMLObjectTreeSchema.m; sourceTree = "<group>"; };
		45E68C4416842AC700DAE96E /* EEXMLReader.h */ = {isa = PBXFileReference; fileEncoding = 4; lastKnownFileType = sourcecode.c.h; path = EEXMLReader.h; sourceTree = "<group>"; };
		45E68C4516842AC700DAE96E /* EEXMLReader.m */ = {isa = PBXFileReference; fileEncoding = 4; lastKnownFileType = sourcecode.c.objc; path = EEXMLReader.m; sourceTree = "<group>"; };
		45E68C4616842AC700DAE96E /* EEXMLReaderObjectStack.h */ = {isa = PBXFileReference; fileEncoding = 4; lastKnownFileType = sourcecode.c.h; path = EEXMLReaderObjectStack.h; sourceTree = "<group>"; };
		45E68C4716842AC700DAE96E /* EEXMLReaderObjectStack.m */ = {isa = PBXFileReference; fileEncoding = 4; lastKnownFileType = sourcecode.c.objc; path = EEXMLReaderObjectStack.m; sourceTree = "<group>"; };
		45E68C4816842AC700DAE96E /* EEXMLSerialization.h */ = {isa = PBXFileReference; fileEncoding = 4; lastKnownFileType = sourcecode.c.h; path = EEXMLSerialization.h; sourceTree = "<group>"; };
		45E68C4916842AC700DAE96E /* EEXMLSerialization.m */ = {isa = PBXFileReference; fileEncoding = 4; lastKnownFileType = sourcecode.c.objc; path = EEXMLSerialization.m; sourceTree = "<group>"; };
		45E68C4A16842AC700DAE96E /* EEXMLUtility.h */ = {isa = PBXFileReference; fileEncoding = 4; lastKnownFileType = sourcecode.c.h; path = EEXMLUtility.h; sourceTree = "<group>"; };
		45E68C4B16842AC700DAE96E /* EEXMLUtility.m */ = {isa = PBXFileReference; fileEncoding = 4; lastKnownFileType = sourcecode.c.objc; path = EEXMLUtility.m; sourceTree = "<group>"; };
		45E68C8416842EA500DAE96E /* Prefix.pch */ = {isa = PBXFileReference; lastKnownFileType = sourcecode.c.h; path = Prefix.pch; sourceTree = "<group>"; };
/* End PBXFileReference section */

/* Begin PBXGroup section */
		450A2B6619C0B660009D55B5 /* XML - iOS - Static Framework */ = {
			isa = PBXGroup;
			children = (
				450A2B6919C0B660009D55B5 /* XML - iOS - Static Framework.h */,
				450A2B6719C0B660009D55B5 /* Supporting Files */,
			);
			path = "XML - iOS - Static Framework";
			sourceTree = "<group>";
		};
		450A2B6719C0B660009D55B5 /* Supporting Files */ = {
			isa = PBXGroup;
			children = (
				450A2B6819C0B660009D55B5 /* Info.plist */,
			);
			name = "Supporting Files";
			sourceTree = "<group>";
		};
		45E68C0D168429F600DAE96E = {
			isa = PBXGroup;
			children = (
				45E68C3D16842A3400DAE96E /* Source */,
				45E68C1F16842A0700DAE96E /* iOS Static Library */,
				45E68C3416842A1400DAE96E /* OS X Static Library */,
				450A2B6619C0B660009D55B5 /* XML - iOS - Static Framework */,
				45E68C1C16842A0700DAE96E /* Frameworks */,
				45E68C1B16842A0700DAE96E /* Products */,
			);
			sourceTree = "<group>";
		};
		45E68C1B16842A0700DAE96E /* Products */ = {
			isa = PBXGroup;
			children = (
				45E68C1A16842A0700DAE96E /* libEonilXML.a */,
				45E68C2D16842A1400DAE96E /* libEonilXML.a */,
			);
			name = Products;
			sourceTree = "<group>";
		};
		45E68C1C16842A0700DAE96E /* Frameworks */ = {
			isa = PBXGroup;
			children = (
				45E68C1D16842A0700DAE96E /* Foundation.framework */,
				45E68C2E16842A1400DAE96E /* Cocoa.framework */,
				45E68C3016842A1400DAE96E /* Other Frameworks */,
			);
			name = Frameworks;
			sourceTree = "<group>";
		};
		45E68C1F16842A0700DAE96E /* iOS Static Library */ = {
			isa = PBXGroup;
			children = (
				45E68C2016842A0700DAE96E /* Supporting Files */,
			);
			path = "iOS Static Library";
			sourceTree = "<group>";
		};
		45E68C2016842A0700DAE96E /* Supporting Files */ = {
			isa = PBXGroup;
			children = (
				45E68C2116842A0700DAE96E /* iOS Static Library-Prefix.pch */,
			);
			name = "Supporting Files";
			sourceTree = "<group>";
		};
		45E68C3016842A1400DAE96E /* Other Frameworks */ = {
			isa = PBXGroup;
			children = (
				45E68C3116842A1400DAE96E /* AppKit.framework */,
				45E68C3216842A1400DAE96E /* CoreData.framework */,
				45E68C3316842A1400DAE96E /* Foundation.framework */,
			);
			name = "Other Frameworks";
			sourceTree = "<group>";
		};
		45E68C3416842A1400DAE96E /* OS X Static Library */ = {
			isa = PBXGroup;
			children = (
				45E68C3516842A1400DAE96E /* Supporting Files */,
			);
			path = "OS X Static Library";
			sourceTree = "<group>";
		};
		45E68C3516842A1400DAE96E /* Supporting Files */ = {
			isa = PBXGroup;
			children = (
				45E68C3616842A1400DAE96E /* OS X Static Library-Prefix.pch */,
			);
			name = "Supporting Files";
			sourceTree = "<group>";
		};
		45E68C3D16842A3400DAE96E /* Source */ = {
			isa = PBXGroup;
			children = (
				45E68C8416842EA500DAE96E /* Prefix.pch */,
				45934D2D1684340D009C3D30 /* EonilXML.h */,
				45E68C6316842B0700DAE96E /* XML code <-> node-tree parsing */,
				45E68C6116842ADD00DAE96E /* object converter (node-tree <-> object-tree conversion) */,
				45E68C6216842AFA00DAE96E /* (unimplemented) SAX parser <-> object-tree conversion */,
			);
			path = Source;
			sourceTree = "<group>";
		};
		45E68C6116842ADD00DAE96E /* object converter (node-tree <-> object-tree conversion) */ = {
			isa = PBXGroup;
			children = (
				45E68C4016842AC700DAE96E /* EEXMLObjectTreeConverter.h */,
				45E68C4116842AC700DAE96E /* EEXMLObjectTreeConverter.m */,
				45E68C4216842AC700DAE96E /* EEXMLObjectTreeSchema.h */,
				45E68C4316842AC700DAE96E /* EEXMLObjectTreeSchema.m */,
			);
			name = "object converter (node-tree <-> object-tree conversion)";
			sourceTree = "<group>";
		};
		45E68C6216842AFA00DAE96E /* (unimplemented) SAX parser <-> object-tree conversion */ = {
			isa = PBXGroup;
			children = (
				45E68C4816842AC700DAE96E /* EEXMLSerialization.h */,
				45E68C4916842AC700DAE96E /* EEXMLSerialization.m */,
				45E68C4A16842AC700DAE96E /* EEXMLUtility.h */,
				45E68C4B16842AC700DAE96E /* EEXMLUtility.m */,
			);
			name = "(unimplemented) SAX parser <-> object-tree conversion";
			sourceTree = "<group>";
		};
		45E68C6316842B0700DAE96E /* XML code <-> node-tree parsing */ = {
			isa = PBXGroup;
			children = (
				45E68C3E16842AC700DAE96E /* EEXMLNode.h */,
				45E68C3F16842AC700DAE96E /* EEXMLNode.m */,
				45E68C4416842AC700DAE96E /* EEXMLReader.h */,
				45E68C4516842AC700DAE96E /* EEXMLReader.m */,
				45E68C4616842AC700DAE96E /* EEXMLReaderObjectStack.h */,
				45E68C4716842AC700DAE96E /* EEXMLReaderObjectStack.m */,
			);
			name = "XML code <-> node-tree parsing";
			sourceTree = "<group>";
		};
/* End PBXGroup section */

/* Begin PBXNativeTarget section */
		45E68C1916842A0700DAE96E /* EonilXML - iOS - Static Library */ = {
			isa = PBXNativeTarget;
			buildConfigurationList = 45E68C2616842A0700DAE96E /* Build configuration list for PBXNativeTarget "EonilXML - iOS - Static Library" */;
			buildPhases = (
				45E68C1616842A0700DAE96E /* Sources */,
			);
			buildRules = (
			);
			dependencies = (
			);
			name = "EonilXML - iOS - Static Library";
			productName = "iOS Static Library";
			productReference = 45E68C1A16842A0700DAE96E /* libEonilXML.a */;
			productType = "com.apple.product-type.library.static";
		};
		45E68C2C16842A1400DAE96E /* EonilXML - OSX - Static Library */ = {
			isa = PBXNativeTarget;
			buildConfigurationList = 45E68C3A16842A1400DAE96E /* Build configuration list for PBXNativeTarget "EonilXML - OSX - Static Library" */;
			buildPhases = (
				45E68C2916842A1400DAE96E /* Sources */,
			);
			buildRules = (
			);
			dependencies = (
			);
			name = "EonilXML - OSX - Static Library";
			productName = "OS X Static Library";
			productReference = 45E68C2D16842A1400DAE96E /* libEonilXML.a */;
			productType = "com.apple.product-type.library.static";
		};
/* End PBXNativeTarget section */

/* Begin PBXProject section */
		45E68C0F168429F600DAE96E /* Project object */ = {
			isa = PBXProject;
			attributes = {
				LastUpgradeCheck = 0600;
			};
			buildConfigurationList = 45E68C12168429F600DAE96E /* Build configuration list for PBXProject "EonilXML" */;
			compatibilityVersion = "Xcode 3.2";
			developmentRegion = English;
			hasScannedForEncodings = 0;
			knownRegions = (
				en,
			);
			mainGroup = 45E68C0D168429F600DAE96E;
			productRefGroup = 45E68C1B16842A0700DAE96E /* Products */;
			projectDirPath = "";
			projectRoot = "";
			targets = (
				45E68C1916842A0700DAE96E /* EonilXML - iOS - Static Library */,
				45E68C2C16842A1400DAE96E /* EonilXML - OSX - Static Library */,
			);
		};
/* End PBXProject section */

/* Begin PBXSourcesBuildPhase section */
		45E68C1616842A0700DAE96E /* Sources */ = {
			isa = PBXSourcesBuildPhase;
			buildActionMask = 2147483647;
			files = (
				45E68C4D16842AC700DAE96E /* EEXMLNode.m in Sources */,
				45E68C5016842AC700DAE96E /* EEXMLObjectTreeConverter.m in Sources */,
				45E68C5316842AC700DAE96E /* EEXMLObjectTreeSchema.m in Sources */,
				45E68C5616842AC700DAE96E /* EEXMLReader.m in Sources */,
				45E68C5916842AC700DAE96E /* EEXMLReaderObjectStack.m in Sources */,
				45E68C5C16842AC700DAE96E /* EEXMLSerialization.m in Sources */,
				45E68C5F16842AC700DAE96E /* EEXMLUtility.m in Sources */,
			);
			runOnlyForDeploymentPostprocessing = 0;
		};
		45E68C2916842A1400DAE96E /* Sources */ = {
			isa = PBXSourcesBuildPhase;
			buildActionMask = 2147483647;
			files = (
				45E68C4E16842AC700DAE96E /* EEXMLNode.m in Sources */,
				45E68C5116842AC700DAE96E /* EEXMLObjectTreeConverter.m in Sources */,
				45E68C5416842AC700DAE96E /* EEXMLObjectTreeSchema.m in Sources */,
				45E68C5716842AC700DAE96E /* EEXMLReader.m in Sources */,
				45E68C5A16842AC700DAE96E /* EEXMLReaderObjectStack.m in Sources */,
				45E68C5D16842AC700DAE96E /* EEXMLSerialization.m in Sources */,
				45E68C6016842AC700DAE96E /* EEXMLUtility.m in Sources */,
			);
			runOnlyForDeploymentPostprocessing = 0;
		};
/* End PBXSourcesBuildPhase section */

/* Begin XCBuildConfiguration section */
		45E68C14168429F600DAE96E /* Debug */ = {
			isa = XCBuildConfiguration;
			buildSettings = {
				HEADER_SEARCH_PATHS = (
					"$(inherited)",
					/Applications/Xcode.app/Contents/Developer/Toolchains/XcodeDefault.xctoolchain/usr/include,
					"\"$(SRCROOT)\"/../Common/FoundationExtras",
				);
				IPHONEOS_DEPLOYMENT_TARGET = 7.0;
				ONLY_ACTIVE_ARCH = YES;
				PRODUCT_NAME = "$(PROJECT_NAME)";
			};
			name = Debug;
		};
		45E68C15168429F600DAE96E /* Release */ = {
			isa = XCBuildConfiguration;
			buildSettings = {
				HEADER_SEARCH_PATHS = (
					"$(inherited)",
					/Applications/Xcode.app/Contents/Developer/Toolchains/XcodeDefault.xctoolchain/usr/include,
					"\"$(SRCROOT)\"/../Common/FoundationExtras",
				);
				IPHONEOS_DEPLOYMENT_TARGET = 7.0;
				PRODUCT_NAME = "$(PROJECT_NAME)";
			};
			name = Release;
		};
		45E68C2716842A0700DAE96E /* Debug */ = {
			isa = XCBuildConfiguration;
			buildSettings = {
				ALWAYS_SEARCH_USER_PATHS = NO;
				CLANG_CXX_LANGUAGE_STANDARD = "gnu++0x";
				CLANG_CXX_LIBRARY = "libc++";
				CLANG_ENABLE_OBJC_ARC = YES;
				CLANG_WARN_EMPTY_BODY = YES;
				CLANG_WARN__DUPLICATE_METHOD_MATCH = YES;
				COPY_PHASE_STRIP = NO;
				DSTROOT = /tmp/iOS_Static_Library.dst;
				FRAMEWORK_SEARCH_PATHS = (
					"$(inherited)",
					"\"$(SRCROOT)\"",
					"\"$(SRCROOT)/iOS Static Library\"",
				);
				GCC_C_LANGUAGE_STANDARD = gnu99;
				GCC_DYNAMIC_NO_PIC = NO;
				GCC_OPTIMIZATION_LEVEL = 0;
				GCC_PRECOMPILE_PREFIX_HEADER = YES;
				GCC_PREFIX_HEADER = "iOS Static Library/iOS Static Library-Prefix.pch";
				GCC_PREPROCESSOR_DEFINITIONS = (
					"DEBUG=1",
					"$(inherited)",
				);
				GCC_SYMBOLS_PRIVATE_EXTERN = NO;
				GCC_WARN_ABOUT_RETURN_TYPE = YES;
				GCC_WARN_UNINITIALIZED_AUTOS = YES;
				GCC_WARN_UNUSED_VARIABLE = YES;
				IPHONEOS_DEPLOYMENT_TARGET = 6.0;
				ONLY_ACTIVE_ARCH = YES;
				OTHER_LDFLAGS = "-ObjC";
				PRODUCT_NAME = EonilXML;
				SDKROOT = iphoneos;
				SKIP_INSTALL = YES;
			};
			name = Debug;
		};
		45E68C2816842A0700DAE96E /* Release */ = {
			isa = XCBuildConfiguration;
			buildSettings = {
				ALWAYS_SEARCH_USER_PATHS = NO;
				CLANG_CXX_LANGUAGE_STANDARD = "gnu++0x";
				CLANG_CXX_LIBRARY = "libc++";
				CLANG_ENABLE_OBJC_ARC = YES;
				CLANG_WARN_EMPTY_BODY = YES;
				CLANG_WARN__DUPLICATE_METHOD_MATCH = YES;
				COPY_PHASE_STRIP = YES;
				DSTROOT = /tmp/iOS_Static_Library.dst;
				FRAMEWORK_SEARCH_PATHS = (
					"$(inherited)",
					"\"$(SRCROOT)\"",
					"\"$(SRCROOT)/iOS Static Library\"",
				);
				GCC_C_LANGUAGE_STANDARD = gnu99;
				GCC_PRECOMPILE_PREFIX_HEADER = YES;
				GCC_PREFIX_HEADER = "iOS Static Library/iOS Static Library-Prefix.pch";
				GCC_WARN_ABOUT_RETURN_TYPE = YES;
				GCC_WARN_UNINITIALIZED_AUTOS = YES;
				GCC_WARN_UNUSED_VARIABLE = YES;
				IPHONEOS_DEPLOYMENT_TARGET = 6.0;
				OTHER_LDFLAGS = "-ObjC";
				PRODUCT_NAME = EonilXML;
				SDKROOT = iphoneos;
				SKIP_INSTALL = YES;
				VALIDATE_PRODUCT = YES;
			};
			name = Release;
		};
		45E68C3B16842A1400DAE96E /* Debug */ = {
			isa = XCBuildConfiguration;
			buildSettings = {
				ALWAYS_SEARCH_USER_PATHS = NO;
				CLANG_CXX_LANGUAGE_STANDARD = "gnu++0x";
				CLANG_CXX_LIBRARY = "libc++";
				CLANG_ENABLE_OBJC_ARC = YES;
				CLANG_WARN_EMPTY_BODY = YES;
				CLANG_WARN__DUPLICATE_METHOD_MATCH = YES;
				COMBINE_HIDPI_IMAGES = YES;
				COPY_PHASE_STRIP = NO;
				FRAMEWORK_SEARCH_PATHS = (
					"$(inherited)",
					"\"$(SRCROOT)\"",
					"\"$(SRCROOT)/OS X Static Library\"",
				);
				GCC_C_LANGUAGE_STANDARD = gnu99;
				GCC_DYNAMIC_NO_PIC = NO;
				GCC_ENABLE_OBJC_EXCEPTIONS = YES;
				GCC_OPTIMIZATION_LEVEL = 0;
				GCC_PRECOMPILE_PREFIX_HEADER = YES;
				GCC_PREFIX_HEADER = "OS X Static Library/OS X Static Library-Prefix.pch";
				GCC_PREPROCESSOR_DEFINITIONS = (
					"DEBUG=1",
					"$(inherited)",
				);
				GCC_SYMBOLS_PRIVATE_EXTERN = NO;
				GCC_WARN_64_TO_32_BIT_CONVERSION = YES;
				GCC_WARN_ABOUT_RETURN_TYPE = YES;
				GCC_WARN_UNINITIALIZED_AUTOS = YES;
				GCC_WARN_UNUSED_VARIABLE = YES;
				MACOSX_DEPLOYMENT_TARGET = 10.8;
				ONLY_ACTIVE_ARCH = YES;
				PRODUCT_NAME = EonilXML;
				SDKROOT = macosx;
			};
			name = Debug;
		};
		45E68C3C16842A1400DAE96E /* Release */ = {
			isa = XCBuildConfiguration;
			buildSettings = {
				ALWAYS_SEARCH_USER_PATHS = NO;
				CLANG_CXX_LANGUAGE_STANDARD = "gnu++0x";
				CLANG_CXX_LIBRARY = "libc++";
				CLANG_ENABLE_OBJC_ARC = YES;
				CLANG_WARN_EMPTY_BODY = YES;
				CLANG_WARN__DUPLICATE_METHOD_MATCH = YES;
				COMBINE_HIDPI_IMAGES = YES;
				COPY_PHASE_STRIP = YES;
				DEBUG_INFORMATION_FORMAT = "dwarf-with-dsym";
				FRAMEWORK_SEARCH_PATHS = (
					"$(inherited)",
					"\"$(SRCROOT)\"",
					"\"$(SRCROOT)/OS X Static Library\"",
				);
				GCC_C_LANGUAGE_STANDARD = gnu99;
				GCC_ENABLE_OBJC_EXCEPTIONS = YES;
				GCC_PRECOMPILE_PREFIX_HEADER = YES;
				GCC_PREFIX_HEADER = "OS X Static Library/OS X Static Library-Prefix.pch";
				GCC_WARN_64_TO_32_BIT_CONVERSION = YES;
				GCC_WARN_ABOUT_RETURN_TYPE = YES;
				GCC_WARN_UNINITIALIZED_AUTOS = YES;
				GCC_WARN_UNUSED_VARIABLE = YES;
				MACOSX_DEPLOYMENT_TARGET = 10.8;
				PRODUCT_NAME = EonilXML;
				SDKROOT = macosx;
			};
			name = Release;
		};
/* End XCBuildConfiguration section */

/* Begin XCConfigurationList section */
		45E68C12168429F600DAE96E /* Build configuration list for PBXProject "EonilXML" */ = {
			isa = XCConfigurationList;
			buildConfigurations = (
				45E68C14168429F600DAE96E /* Debug */,
				45E68C15168429F600DAE96E /* Release */,
			);
			defaultConfigurationIsVisible = 0;
			defaultConfigurationName = Release;
		};
		45E68C2616842A0700DAE96E /* Build configuration list for PBXNativeTarget "EonilXML - iOS - Static Library" */ = {
			isa = XCConfigurationList;
			buildConfigurations = (
				45E68C2716842A0700DAE96E /* Debug */,
				45E68C2816842A0700DAE96E /* Release */,
			);
			defaultConfigurationIsVisible = 0;
			defaultConfigurationName = Release;
		};
		45E68C3A16842A1400DAE96E /* Build configuration list for PBXNativeTarget "EonilXML - OSX - Static Library" */ = {
			isa = XCConfigurationList;
			buildConfigurations = (
				45E68C3B16842A1400DAE96E /* Debug */,
				45E68C3C16842A1400DAE96E /* Release */,
			);
			defaultConfigurationIsVisible = 0;
			defaultConfigurationName = Release;
		};
/* End XCConfigurationList section */
	};
	rootObject = 45E68C0F168429F600DAE96E /* Project object */;
}
