// !$*UTF8*$!
{
	archiveVersion = 1;
	classes = {
	};
	objectVersion = 46;
	objects = {

/* Begin PBXBuildFile section */
		455BDD0919AE732E00939A21 /* Cocoa.framework in Frameworks */ = {isa = PBXBuildFile; fileRef = 455BDD0819AE732E00939A21 /* Cocoa.framework */; };
		455BDD1319AE732E00939A21 /* InfoPlist.strings in Resources */ = {isa = PBXBuildFile; fileRef = 455BDD1119AE732E00939A21 /* InfoPlist.strings */; };
		455BDD1519AE732E00939A21 /* main.m in Sources */ = {isa = PBXBuildFile; fileRef = 455BDD1419AE732E00939A21 /* main.m */; };
		455BDD1919AE732E00939A21 /* Credits.rtf in Resources */ = {isa = PBXBuildFile; fileRef = 455BDD1719AE732E00939A21 /* Credits.rtf */; };
		455BDD1C19AE732E00939A21 /* ApplicationController.m in Sources */ = {isa = PBXBuildFile; fileRef = 455BDD1B19AE732E00939A21 /* ApplicationController.m */; };
		455BDD1F19AE732E00939A21 /* MainMenu.xib in Resources */ = {isa = PBXBuildFile; fileRef = 455BDD1D19AE732E00939A21 /* MainMenu.xib */; };
		455BDD2119AE732E00939A21 /* Images.xcassets in Resources */ = {isa = PBXBuildFile; fileRef = 455BDD2019AE732E00939A21 /* Images.xcassets */; };
		455BDD2819AE732E00939A21 /* XCTest.framework in Frameworks */ = {isa = PBXBuildFile; fileRef = 455BDD2719AE732E00939A21 /* XCTest.framework */; };
		455BDD2919AE732E00939A21 /* Cocoa.framework in Frameworks */ = {isa = PBXBuildFile; fileRef = 455BDD0819AE732E00939A21 /* Cocoa.framework */; };
		455BDD3119AE732E00939A21 /* InfoPlist.strings in Resources */ = {isa = PBXBuildFile; fileRef = 455BDD2F19AE732E00939A21 /* InfoPlist.strings */; };
		455BDD3319AE732E00939A21 /* MonolithicTesterTests.m in Sources */ = {isa = PBXBuildFile; fileRef = 455BDD3219AE732E00939A21 /* MonolithicTesterTests.m */; };
		455BDD3F19AE74C100939A21 /* Monolith.framework in Frameworks */ = {isa = PBXBuildFile; fileRef = 455BDCF219AE716300939A21 /* Monolith.framework */; };
		455BDD4019AE74D200939A21 /* Monolith.framework in CopyFiles */ = {isa = PBXBuildFile; fileRef = 455BDCF219AE716300939A21 /* Monolith.framework */; settings = {ATTRIBUTES = (CodeSignOnCopy, ); }; };
/* End PBXBuildFile section */

/* Begin PBXContainerItemProxy section */
		452D39C019CDF2F000B81570 /* PBXContainerItemProxy */ = {
			isa = PBXContainerItemProxy;
			containerPortal = 455BDCEC19AE716300939A21 /* Monolith.xcodeproj */;
			proxyType = 2;
			remoteGlobalIDString = 458D141E19C1F5E5004F0405;
			remoteInfo = "Monolith - iOS";
		};
		455BDCF119AE716300939A21 /* PBXContainerItemProxy */ = {
			isa = PBXContainerItemProxy;
			containerPortal = 455BDCEC19AE716300939A21 /* Monolith.xcodeproj */;
			proxyType = 2;
			remoteGlobalIDString = 455BE47619AE6EDD00BE6D11;
			remoteInfo = "Monolith - OSX - Dynamic Framework";
		};
		455BDD2A19AE732E00939A21 /* PBXContainerItemProxy */ = {
			isa = PBXContainerItemProxy;
			containerPortal = 455BDCD319AE714000939A21 /* Project object */;
			proxyType = 1;
			remoteGlobalIDString = 455BDD0619AE732E00939A21;
			remoteInfo = MonolithicTester;
		};
		455BDD4119AE74DE00939A21 /* PBXContainerItemProxy */ = {
			isa = PBXContainerItemProxy;
			containerPortal = 455BDCEC19AE716300939A21 /* Monolith.xcodeproj */;
			proxyType = 1;
			remoteGlobalIDString = 455BE47519AE6EDD00BE6D11;
			remoteInfo = "Monolith - OSX - Dynamic Framework";
		};
/* End PBXContainerItemProxy section */

/* Begin PBXCopyFilesBuildPhase section */
		455BDD3D19AE73A700939A21 /* CopyFiles */ = {
			isa = PBXCopyFilesBuildPhase;
			buildActionMask = 2147483647;
			dstPath = "";
			dstSubfolderSpec = 10;
			files = (
				455BDD4019AE74D200939A21 /* Monolith.framework in CopyFiles */,
			);
			runOnlyForDeploymentPostprocessing = 0;
		};
/* End PBXCopyFilesBuildPhase section */

/* Begin PBXFileReference section */
		455BDCE019AE715800939A21 /* Foundation.framework */ = {isa = PBXFileReference; lastKnownFileType = wrapper.framework; name = Foundation.framework; path = System/Library/Frameworks/Foundation.framework; sourceTree = SDKROOT; };
		455BDCEC19AE716300939A21 /* Monolith.xcodeproj */ = {isa = PBXFileReference; lastKnownFileType = "wrapper.pb-project"; name = Monolith.xcodeproj; path = ../Monolith/Monolith.xcodeproj; sourceTree = "<group>"; };
		455BDD0719AE732E00939A21 /* MonolithicTester.app */ = {isa = PBXFileReference; explicitFileType = wrapper.application; includeInIndex = 0; path = MonolithicTester.app; sourceTree = BUILT_PRODUCTS_DIR; };
		455BDD0819AE732E00939A21 /* Cocoa.framework */ = {isa = PBXFileReference; lastKnownFileType = wrapper.framework; name = Cocoa.framework; path = System/Library/Frameworks/Cocoa.framework; sourceTree = SDKROOT; };
		455BDD0B19AE732E00939A21 /* AppKit.framework */ = {isa = PBXFileReference; lastKnownFileType = wrapper.framework; name = AppKit.framework; path = System/Library/Frameworks/AppKit.framework; sourceTree = SDKROOT; };
		455BDD0C19AE732E00939A21 /* CoreData.framework */ = {isa = PBXFileReference; lastKnownFileType = wrapper.framework; name = CoreData.framework; path = System/Library/Frameworks/CoreData.framework; sourceTree = SDKROOT; };
		455BDD0D19AE732E00939A21 /* Foundation.framework */ = {isa = PBXFileReference; lastKnownFileType = wrapper.framework; name = Foundation.framework; path = System/Library/Frameworks/Foundation.framework; sourceTree = SDKROOT; };
		455BDD1019AE732E00939A21 /* MonolithicTester-Info.plist */ = {isa = PBXFileReference; lastKnownFileType = text.plist.xml; path = "MonolithicTester-Info.plist"; sourceTree = "<group>"; };
		455BDD1219AE732E00939A21 /* en */ = {isa = PBXFileReference; lastKnownFileType = text.plist.strings; name = en; path = en.lproj/InfoPlist.strings; sourceTree = "<group>"; };
		455BDD1419AE732E00939A21 /* main.m */ = {isa = PBXFileReference; lastKnownFileType = sourcecode.c.objc; path = main.m; sourceTree = "<group>"; };
		455BDD1619AE732E00939A21 /* MonolithicTester-Prefix.pch */ = {isa = PBXFileReference; lastKnownFileType = sourcecode.c.h; path = "MonolithicTester-Prefix.pch"; sourceTree = "<group>"; };
		455BDD1819AE732E00939A21 /* en */ = {isa = PBXFileReference; lastKnownFileType = text.rtf; name = en; path = en.lproj/Credits.rtf; sourceTree = "<group>"; };
		455BDD1A19AE732E00939A21 /* ApplicationController.h */ = {isa = PBXFileReference; lastKnownFileType = sourcecode.c.h; path = ApplicationController.h; sourceTree = "<group>"; };
		455BDD1B19AE732E00939A21 /* ApplicationController.m */ = {isa = PBXFileReference; lastKnownFileType = sourcecode.c.objc; path = ApplicationController.m; sourceTree = "<group>"; };
		455BDD1E19AE732E00939A21 /* Base */ = {isa = PBXFileReference; lastKnownFileType = file.xib; name = Base; path = Base.lproj/MainMenu.xib; sourceTree = "<group>"; };
		455BDD2019AE732E00939A21 /* Images.xcassets */ = {isa = PBXFileReference; lastKnownFileType = folder.assetcatalog; path = Images.xcassets; sourceTree = "<group>"; };
		455BDD2619AE732E00939A21 /* MonolithicTesterTests.xctest */ = {isa = PBXFileReference; explicitFileType = wrapper.cfbundle; includeInIndex = 0; path = MonolithicTesterTests.xctest; sourceTree = BUILT_PRODUCTS_DIR; };
		455BDD2719AE732E00939A21 /* XCTest.framework */ = {isa = PBXFileReference; lastKnownFileType = wrapper.framework; name = XCTest.framework; path = Library/Frameworks/XCTest.framework; sourceTree = DEVELOPER_DIR; };
		455BDD2E19AE732E00939A21 /* MonolithicTesterTests-Info.plist */ = {isa = PBXFileReference; lastKnownFileType = text.plist.xml; path = "MonolithicTesterTests-Info.plist"; sourceTree = "<group>"; };
		455BDD3019AE732E00939A21 /* en */ = {isa = PBXFileReference; lastKnownFileType = text.plist.strings; name = en; path = en.lproj/InfoPlist.strings; sourceTree = "<group>"; };
		455BDD3219AE732E00939A21 /* MonolithicTesterTests.m */ = {isa = PBXFileReference; lastKnownFileType = sourcecode.c.objc; path = MonolithicTesterTests.m; sourceTree = "<group>"; };
/* End PBXFileReference section */

/* Begin PBXFrameworksBuildPhase section */
		455BDD0419AE732E00939A21 /* Frameworks */ = {
			isa = PBXFrameworksBuildPhase;
			buildActionMask = 2147483647;
			files = (
				455BDD3F19AE74C100939A21 /* Monolith.framework in Frameworks */,
				455BDD0919AE732E00939A21 /* Cocoa.framework in Frameworks */,
			);
			runOnlyForDeploymentPostprocessing = 0;
		};
		455BDD2319AE732E00939A21 /* Frameworks */ = {
			isa = PBXFrameworksBuildPhase;
			buildActionMask = 2147483647;
			files = (
				455BDD2919AE732E00939A21 /* Cocoa.framework in Frameworks */,
				455BDD2819AE732E00939A21 /* XCTest.framework in Frameworks */,
			);
			runOnlyForDeploymentPostprocessing = 0;
		};
/* End PBXFrameworksBuildPhase section */

/* Begin PBXGroup section */
		455BDCD219AE714000939A21 = {
			isa = PBXGroup;
			children = (
				455BDCEC19AE716300939A21 /* Monolith.xcodeproj */,
				455BDD0E19AE732E00939A21 /* MonolithicTester */,
				455BDD2C19AE732E00939A21 /* MonolithicTesterTests */,
				455BDCDF19AE715800939A21 /* Frameworks */,
				455BDCDE19AE715800939A21 /* Products */,
			);
			sourceTree = "<group>";
		};
		455BDCDE19AE715800939A21 /* Products */ = {
			isa = PBXGroup;
			children = (
				455BDD0719AE732E00939A21 /* MonolithicTester.app */,
				455BDD2619AE732E00939A21 /* MonolithicTesterTests.xctest */,
			);
			name = Products;
			sourceTree = "<group>";
		};
		455BDCDF19AE715800939A21 /* Frameworks */ = {
			isa = PBXGroup;
			children = (
				455BDCE019AE715800939A21 /* Foundation.framework */,
				455BDD0819AE732E00939A21 /* Cocoa.framework */,
				455BDD2719AE732E00939A21 /* XCTest.framework */,
				455BDD0A19AE732E00939A21 /* Other Frameworks */,
			);
			name = Frameworks;
			sourceTree = "<group>";
		};
		455BDCED19AE716300939A21 /* Products */ = {
			isa = PBXGroup;
			children = (
				455BDCF219AE716300939A21 /* Monolith.framework */,
				452D39C119CDF2F000B81570 /* Monolith.framework */,
			);
			name = Products;
			sourceTree = "<group>";
		};
		455BDD0A19AE732E00939A21 /* Other Frameworks */ = {
			isa = PBXGroup;
			children = (
				455BDD0B19AE732E00939A21 /* AppKit.framework */,
				455BDD0C19AE732E00939A21 /* CoreData.framework */,
				455BDD0D19AE732E00939A21 /* Foundation.framework */,
			);
			name = "Other Frameworks";
			sourceTree = "<group>";
		};
		455BDD0E19AE732E00939A21 /* MonolithicTester */ = {
			isa = PBXGroup;
			children = (
				455BDD1A19AE732E00939A21 /* ApplicationController.h */,
				455BDD1B19AE732E00939A21 /* ApplicationController.m */,
				455BDD1D19AE732E00939A21 /* MainMenu.xib */,
				455BDD2019AE732E00939A21 /* Images.xcassets */,
				455BDD0F19AE732E00939A21 /* Supporting Files */,
			);
			path = MonolithicTester;
			sourceTree = "<group>";
		};
		455BDD0F19AE732E00939A21 /* Supporting Files */ = {
			isa = PBXGroup;
			children = (
				455BDD1019AE732E00939A21 /* MonolithicTester-Info.plist */,
				455BDD1119AE732E00939A21 /* InfoPlist.strings */,
				455BDD1419AE732E00939A21 /* main.m */,
				455BDD1619AE732E00939A21 /* MonolithicTester-Prefix.pch */,
				455BDD1719AE732E00939A21 /* Credits.rtf */,
			);
			name = "Supporting Files";
			sourceTree = "<group>";
		};
		455BDD2C19AE732E00939A21 /* MonolithicTesterTests */ = {
			isa = PBXGroup;
			children = (
				455BDD3219AE732E00939A21 /* MonolithicTesterTests.m */,
				455BDD2D19AE732E00939A21 /* Supporting Files */,
			);
			path = MonolithicTesterTests;
			sourceTree = "<group>";
		};
		455BDD2D19AE732E00939A21 /* Supporting Files */ = {
			isa = PBXGroup;
			children = (
				455BDD2E19AE732E00939A21 /* MonolithicTesterTests-Info.plist */,
				455BDD2F19AE732E00939A21 /* InfoPlist.strings */,
			);
			name = "Supporting Files";
			sourceTree = "<group>";
		};
/* End PBXGroup section */

/* Begin PBXNativeTarget section */
		455BDD0619AE732E00939A21 /* MonolithicTester */ = {
			isa = PBXNativeTarget;
			buildConfigurationList = 455BDD3419AE732E00939A21 /* Build configuration list for PBXNativeTarget "MonolithicTester" */;
			buildPhases = (
				455BDD0319AE732E00939A21 /* Sources */,
				455BDD0419AE732E00939A21 /* Frameworks */,
				455BDD0519AE732E00939A21 /* Resources */,
				455BDD3D19AE73A700939A21 /* CopyFiles */,
			);
			buildRules = (
			);
			dependencies = (
				455BDD4219AE74DE00939A21 /* PBXTargetDependency */,
			);
			name = MonolithicTester;
			productName = MonolithicTester;
			productReference = 455BDD0719AE732E00939A21 /* MonolithicTester.app */;
			productType = "com.apple.product-type.application";
		};
		455BDD2519AE732E00939A21 /* MonolithicTesterTests */ = {
			isa = PBXNativeTarget;
			buildConfigurationList = 455BDD3719AE732E00939A21 /* Build configuration list for PBXNativeTarget "MonolithicTesterTests" */;
			buildPhases = (
				455BDD2219AE732E00939A21 /* Sources */,
				455BDD2319AE732E00939A21 /* Frameworks */,
				455BDD2419AE732E00939A21 /* Resources */,
			);
			buildRules = (
			);
			dependencies = (
				455BDD2B19AE732E00939A21 /* PBXTargetDependency */,
			);
			name = MonolithicTesterTests;
			productName = MonolithicTesterTests;
			productReference = 455BDD2619AE732E00939A21 /* MonolithicTesterTests.xctest */;
			productType = "com.apple.product-type.bundle.unit-test";
		};
/* End PBXNativeTarget section */

/* Begin PBXProject section */
		455BDCD319AE714000939A21 /* Project object */ = {
			isa = PBXProject;
			attributes = {
				LastUpgradeCheck = 0600;
				TargetAttributes = {
					455BDD2519AE732E00939A21 = {
						TestTargetID = 455BDD0619AE732E00939A21;
					};
				};
			};
			buildConfigurationList = 455BDCD619AE714000939A21 /* Build configuration list for PBXProject "MonolithicTester" */;
			compatibilityVersion = "Xcode 3.2";
			developmentRegion = English;
			hasScannedForEncodings = 0;
			knownRegions = (
				en,
				Base,
			);
			mainGroup = 455BDCD219AE714000939A21;
			productRefGroup = 455BDCDE19AE715800939A21 /* Products */;
			projectDirPath = "";
			projectReferences = (
				{
					ProductGroup = 455BDCED19AE716300939A21 /* Products */;
					ProjectRef = 455BDCEC19AE716300939A21 /* Monolith.xcodeproj */;
				},
			);
			projectRoot = "";
			targets = (
				455BDD0619AE732E00939A21 /* MonolithicTester */,
				455BDD2519AE732E00939A21 /* MonolithicTesterTests */,
			);
		};
/* End PBXProject section */

/* Begin PBXReferenceProxy section */
		452D39C119CDF2F000B81570 /* Monolith.framework */ = {
			isa = PBXReferenceProxy;
			fileType = wrapper.framework;
			path = Monolith.framework;
			remoteRef = 452D39C019CDF2F000B81570 /* PBXContainerItemProxy */;
			sourceTree = BUILT_PRODUCTS_DIR;
		};
		455BDCF219AE716300939A21 /* Monolith.framework */ = {
			isa = PBXReferenceProxy;
			fileType = wrapper.framework;
			path = Monolith.framework;
			remoteRef = 455BDCF119AE716300939A21 /* PBXContainerItemProxy */;
			sourceTree = BUILT_PRODUCTS_DIR;
		};
/* End PBXReferenceProxy section */

/* Begin PBXResourcesBuildPhase section */
		455BDD0519AE732E00939A21 /* Resources */ = {
			isa = PBXResourcesBuildPhase;
			buildActionMask = 2147483647;
			files = (
				455BDD1319AE732E00939A21 /* InfoPlist.strings in Resources */,
				455BDD2119AE732E00939A21 /* Images.xcassets in Resources */,
				455BDD1919AE732E00939A21 /* Credits.rtf in Resources */,
				455BDD1F19AE732E00939A21 /* MainMenu.xib in Resources */,
			);
			runOnlyForDeploymentPostprocessing = 0;
		};
		455BDD2419AE732E00939A21 /* Resources */ = {
			isa = PBXResourcesBuildPhase;
			buildActionMask = 2147483647;
			files = (
				455BDD3119AE732E00939A21 /* InfoPlist.strings in Resources */,
			);
			runOnlyForDeploymentPostprocessing = 0;
		};
/* End PBXResourcesBuildPhase section */

/* Begin PBXSourcesBuildPhase section */
		455BDD0319AE732E00939A21 /* Sources */ = {
			isa = PBXSourcesBuildPhase;
			buildActionMask = 2147483647;
			files = (
				455BDD1C19AE732E00939A21 /* ApplicationController.m in Sources */,
				455BDD1519AE732E00939A21 /* main.m in Sources */,
			);
			runOnlyForDeploymentPostprocessing = 0;
		};
		455BDD2219AE732E00939A21 /* Sources */ = {
			isa = PBXSourcesBuildPhase;
			buildActionMask = 2147483647;
			files = (
				455BDD3319AE732E00939A21 /* MonolithicTesterTests.m in Sources */,
			);
			runOnlyForDeploymentPostprocessing = 0;
		};
/* End PBXSourcesBuildPhase section */

/* Begin PBXTargetDependency section */
		455BDD2B19AE732E00939A21 /* PBXTargetDependency */ = {
			isa = PBXTargetDependency;
			target = 455BDD0619AE732E00939A21 /* MonolithicTester */;
			targetProxy = 455BDD2A19AE732E00939A21 /* PBXContainerItemProxy */;
		};
		455BDD4219AE74DE00939A21 /* PBXTargetDependency */ = {
			isa = PBXTargetDependency;
			name = "Monolith - OSX - Dynamic Framework";
			targetProxy = 455BDD4119AE74DE00939A21 /* PBXContainerItemProxy */;
		};
/* End PBXTargetDependency section */

/* Begin PBXVariantGroup section */
		455BDD1119AE732E00939A21 /* InfoPlist.strings */ = {
			isa = PBXVariantGroup;
			children = (
				455BDD1219AE732E00939A21 /* en */,
			);
			name = InfoPlist.strings;
			sourceTree = "<group>";
		};
		455BDD1719AE732E00939A21 /* Credits.rtf */ = {
			isa = PBXVariantGroup;
			children = (
				455BDD1819AE732E00939A21 /* en */,
			);
			name = Credits.rtf;
			sourceTree = "<group>";
		};
		455BDD1D19AE732E00939A21 /* MainMenu.xib */ = {
			isa = PBXVariantGroup;
			children = (
				455BDD1E19AE732E00939A21 /* Base */,
			);
			name = MainMenu.xib;
			sourceTree = "<group>";
		};
		455BDD2F19AE732E00939A21 /* InfoPlist.strings */ = {
			isa = PBXVariantGroup;
			children = (
				455BDD3019AE732E00939A21 /* en */,
			);
			name = InfoPlist.strings;
			sourceTree = "<group>";
		};
/* End PBXVariantGroup section */

/* Begin XCBuildConfiguration section */
		455BDCD719AE714000939A21 /* Debug */ = {
			isa = XCBuildConfiguration;
			buildSettings = {
				ONLY_ACTIVE_ARCH = YES;
			};
			name = Debug;
		};
		455BDCD819AE714000939A21 /* Release */ = {
			isa = XCBuildConfiguration;
			buildSettings = {
			};
			name = Release;
		};
		455BDD3519AE732E00939A21 /* Debug */ = {
			isa = XCBuildConfiguration;
			buildSettings = {
				ALWAYS_SEARCH_USER_PATHS = NO;
				ASSETCATALOG_COMPILER_APPICON_NAME = AppIcon;
				CLANG_CXX_LANGUAGE_STANDARD = "gnu++0x";
				CLANG_CXX_LIBRARY = "libc++";
				CLANG_ENABLE_MODULES = YES;
				CLANG_ENABLE_OBJC_ARC = YES;
				CLANG_WARN_BOOL_CONVERSION = YES;
				CLANG_WARN_CONSTANT_CONVERSION = YES;
				CLANG_WARN_DIRECT_OBJC_ISA_USAGE = YES_ERROR;
				CLANG_WARN_EMPTY_BODY = YES;
				CLANG_WARN_ENUM_CONVERSION = YES;
				CLANG_WARN_INT_CONVERSION = YES;
				CLANG_WARN_OBJC_ROOT_CLASS = YES_ERROR;
				CLANG_WARN__DUPLICATE_METHOD_MATCH = YES;
				COMBINE_HIDPI_IMAGES = YES;
				COPY_PHASE_STRIP = NO;
				DYLIB_INSTALL_NAME_BASE = "@rpath";
				GCC_C_LANGUAGE_STANDARD = gnu99;
				GCC_DYNAMIC_NO_PIC = NO;
				GCC_ENABLE_OBJC_EXCEPTIONS = YES;
				GCC_OPTIMIZATION_LEVEL = 0;
				GCC_PRECOMPILE_PREFIX_HEADER = YES;
				GCC_PREFIX_HEADER = "MonolithicTester/MonolithicTester-Prefix.pch";
				GCC_PREPROCESSOR_DEFINITIONS = (
					"DEBUG=1",
					"$(inherited)",
				);
				GCC_SYMBOLS_PRIVATE_EXTERN = NO;
				GCC_WARN_64_TO_32_BIT_CONVERSION = YES;
				GCC_WARN_ABOUT_RETURN_TYPE = YES_ERROR;
				GCC_WARN_UNDECLARED_SELECTOR = YES;
				GCC_WARN_UNINITIALIZED_AUTOS = YES_AGGRESSIVE;
				GCC_WARN_UNUSED_FUNCTION = YES;
				GCC_WARN_UNUSED_VARIABLE = YES;
				INFOPLIST_FILE = "MonolithicTester/MonolithicTester-Info.plist";
				LD_RUNPATH_SEARCH_PATHS = "$(inherited) @executable_path/../Frameworks";
				MACOSX_DEPLOYMENT_TARGET = 10.9;
				ONLY_ACTIVE_ARCH = YES;
				PRODUCT_NAME = "$(TARGET_NAME)";
				SDKROOT = macosx;
				WRAPPER_EXTENSION = app;
			};
			name = Debug;
		};
		455BDD3619AE732E00939A21 /* Release */ = {
			isa = XCBuildConfiguration;
			buildSettings = {
				ALWAYS_SEARCH_USER_PATHS = NO;
				ASSETCATALOG_COMPILER_APPICON_NAME = AppIcon;
				CLANG_CXX_LANGUAGE_STANDARD = "gnu++0x";
				CLANG_CXX_LIBRARY = "libc++";
				CLANG_ENABLE_MODULES = YES;
				CLANG_ENABLE_OBJC_ARC = YES;
				CLANG_WARN_BOOL_CONVERSION = YES;
				CLANG_WARN_CONSTANT_CONVERSION = YES;
				CLANG_WARN_DIRECT_OBJC_ISA_USAGE = YES_ERROR;
				CLANG_WARN_EMPTY_BODY = YES;
				CLANG_WARN_ENUM_CONVERSION = YES;
				CLANG_WARN_INT_CONVERSION = YES;
				CLANG_WARN_OBJC_ROOT_CLASS = YES_ERROR;
				CLANG_WARN__DUPLICATE_METHOD_MATCH = YES;
				COMBINE_HIDPI_IMAGES = YES;
				COPY_PHASE_STRIP = YES;
				DEBUG_INFORMATION_FORMAT = "dwarf-with-dsym";
				DYLIB_INSTALL_NAME_BASE = "@rpath";
				ENABLE_NS_ASSERTIONS = NO;
				GCC_C_LANGUAGE_STANDARD = gnu99;
				GCC_ENABLE_OBJC_EXCEPTIONS = YES;
				GCC_PRECOMPILE_PREFIX_HEADER = YES;
				GCC_PREFIX_HEADER = "MonolithicTester/MonolithicTester-Prefix.pch";
				GCC_WARN_64_TO_32_BIT_CONVERSION = YES;
				GCC_WARN_ABOUT_RETURN_TYPE = YES_ERROR;
				GCC_WARN_UNDECLARED_SELECTOR = YES;
				GCC_WARN_UNINITIALIZED_AUTOS = YES_AGGRESSIVE;
				GCC_WARN_UNUSED_FUNCTION = YES;
				GCC_WARN_UNUSED_VARIABLE = YES;
				INFOPLIST_FILE = "MonolithicTester/MonolithicTester-Info.plist";
				LD_RUNPATH_SEARCH_PATHS = "$(inherited) @executable_path/../Frameworks";
				MACOSX_DEPLOYMENT_TARGET = 10.9;
				PRODUCT_NAME = "$(TARGET_NAME)";
				SDKROOT = macosx;
				WRAPPER_EXTENSION = app;
			};
			name = Release;
		};
		455BDD3819AE732E00939A21 /* Debug */ = {
			isa = XCBuildConfiguration;
			buildSettings = {
				ALWAYS_SEARCH_USER_PATHS = NO;
				BUNDLE_LOADER = "$(BUILT_PRODUCTS_DIR)/MonolithicTester.app/Contents/MacOS/MonolithicTester";
				CLANG_CXX_LANGUAGE_STANDARD = "gnu++0x";
				CLANG_CXX_LIBRARY = "libc++";
				CLANG_ENABLE_MODULES = YES;
				CLANG_ENABLE_OBJC_ARC = YES;
				CLANG_WARN_BOOL_CONVERSION = YES;
				CLANG_WARN_CONSTANT_CONVERSION = YES;
				CLANG_WARN_DIRECT_OBJC_ISA_USAGE = YES_ERROR;
				CLANG_WARN_EMPTY_BODY = YES;
				CLANG_WARN_ENUM_CONVERSION = YES;
				CLANG_WARN_INT_CONVERSION = YES;
				CLANG_WARN_OBJC_ROOT_CLASS = YES_ERROR;
				CLANG_WARN__DUPLICATE_METHOD_MATCH = YES;
				COMBINE_HIDPI_IMAGES = YES;
				COPY_PHASE_STRIP = NO;
				FRAMEWORK_SEARCH_PATHS = (
					"$(DEVELOPER_FRAMEWORKS_DIR)",
					"$(inherited)",
				);
				GCC_C_LANGUAGE_STANDARD = gnu99;
				GCC_DYNAMIC_NO_PIC = NO;
				GCC_ENABLE_OBJC_EXCEPTIONS = YES;
				GCC_OPTIMIZATION_LEVEL = 0;
				GCC_PRECOMPILE_PREFIX_HEADER = YES;
				GCC_PREFIX_HEADER = "MonolithicTester/MonolithicTester-Prefix.pch";
				GCC_PREPROCESSOR_DEFINITIONS = (
					"DEBUG=1",
					"$(inherited)",
				);
				GCC_SYMBOLS_PRIVATE_EXTERN = NO;
				GCC_WARN_64_TO_32_BIT_CONVERSION = YES;
				GCC_WARN_ABOUT_RETURN_TYPE = YES_ERROR;
				GCC_WARN_UNDECLARED_SELECTOR = YES;
				GCC_WARN_UNINITIALIZED_AUTOS = YES_AGGRESSIVE;
				GCC_WARN_UNUSED_FUNCTION = YES;
				GCC_WARN_UNUSED_VARIABLE = YES;
				INFOPLIST_FILE = "MonolithicTesterTests/MonolithicTesterTests-Info.plist";
				MACOSX_DEPLOYMENT_TARGET = 10.9;
				ONLY_ACTIVE_ARCH = YES;
				PRODUCT_NAME = "$(TARGET_NAME)";
				SDKROOT = macosx;
				TEST_HOST = "$(BUNDLE_LOADER)";
				WRAPPER_EXTENSION = xctest;
			};
			name = Debug;
		};
		455BDD3919AE732E00939A21 /* Release */ = {
			isa = XCBuildConfiguration;
			buildSettings = {
				ALWAYS_SEARCH_USER_PATHS = NO;
				BUNDLE_LOADER = "$(BUILT_PRODUCTS_DIR)/MonolithicTester.app/Contents/MacOS/MonolithicTester";
				CLANG_CXX_LANGUAGE_STANDARD = "gnu++0x";
				CLANG_CXX_LIBRARY = "libc++";
				CLANG_ENABLE_MODULES = YES;
				CLANG_ENABLE_OBJC_ARC = YES;
				CLANG_WARN_BOOL_CONVERSION = YES;
				CLANG_WARN_CONSTANT_CONVERSION = YES;
				CLANG_WARN_DIRECT_OBJC_ISA_USAGE = YES_ERROR;
				CLANG_WARN_EMPTY_BODY = YES;
				CLANG_WARN_ENUM_CONVERSION = YES;
				CLANG_WARN_INT_CONVERSION = YES;
				CLANG_WARN_OBJC_ROOT_CLASS = YES_ERROR;
				CLANG_WARN__DUPLICATE_METHOD_MATCH = YES;
				COMBINE_HIDPI_IMAGES = YES;
				COPY_PHASE_STRIP = YES;
				DEBUG_INFORMATION_FORMAT = "dwarf-with-dsym";
				ENABLE_NS_ASSERTIONS = NO;
				FRAMEWORK_SEARCH_PATHS = (
					"$(DEVELOPER_FRAMEWORKS_DIR)",
					"$(inherited)",
				);
				GCC_C_LANGUAGE_STANDARD = gnu99;
				GCC_ENABLE_OBJC_EXCEPTIONS = YES;
				GCC_PRECOMPILE_PREFIX_HEADER = YES;
				GCC_PREFIX_HEADER = "MonolithicTester/MonolithicTester-Prefix.pch";
				GCC_WARN_64_TO_32_BIT_CONVERSION = YES;
				GCC_WARN_ABOUT_RETURN_TYPE = YES_ERROR;
				GCC_WARN_UNDECLARED_SELECTOR = YES;
				GCC_WARN_UNINITIALIZED_AUTOS = YES_AGGRESSIVE;
				GCC_WARN_UNUSED_FUNCTION = YES;
				GCC_WARN_UNUSED_VARIABLE = YES;
				INFOPLIST_FILE = "MonolithicTesterTests/MonolithicTesterTests-Info.plist";
				MACOSX_DEPLOYMENT_TARGET = 10.9;
				PRODUCT_NAME = "$(TARGET_NAME)";
				SDKROOT = macosx;
				TEST_HOST = "$(BUNDLE_LOADER)";
				WRAPPER_EXTENSION = xctest;
			};
			name = Release;
		};
/* End XCBuildConfiguration section */

/* Begin XCConfigurationList section */
		455BDCD619AE714000939A21 /* Build configuration list for PBXProject "MonolithicTester" */ = {
			isa = XCConfigurationList;
			buildConfigurations = (
				455BDCD719AE714000939A21 /* Debug */,
				455BDCD819AE714000939A21 /* Release */,
			);
			defaultConfigurationIsVisible = 0;
			defaultConfigurationName = Release;
		};
		455BDD3419AE732E00939A21 /* Build configuration list for PBXNativeTarget "MonolithicTester" */ = {
			isa = XCConfigurationList;
			buildConfigurations = (
				455BDD3519AE732E00939A21 /* Debug */,
				455BDD3619AE732E00939A21 /* Release */,
			);
			defaultConfigurationIsVisible = 0;
			defaultConfigurationName = Release;
		};
		455BDD3719AE732E00939A21 /* Build configuration list for PBXNativeTarget "MonolithicTesterTests" */ = {
			isa = XCConfigurationList;
			buildConfigurations = (
				455BDD3819AE732E00939A21 /* Debug */,
				455BDD3919AE732E00939A21 /* Release */,
			);
			defaultConfigurationIsVisible = 0;
			defaultConfigurationName = Release;
		};
/* End XCConfigurationList section */
	};
	rootObject = 455BDCD319AE714000939A21 /* Project object */;
}
